
Microsoft Visual Studio Solution File, Format Version 12.00
# Visual Studio Version 17
VisualStudioVersion = 17.9.34622.214
MinimumVisualStudioVersion = 10.0.40219.1
Project("{FAE04EC0-301F-11D3-BF4B-00C04F79EFBC}") = "ResolutionChanger", "ResolutionChanger\ResolutionChanger.csproj", "{D3CC2F37-8184-492E-91F1-C4E175F22D04}"
EndProject
Global
	GlobalSection(SolutionConfigurationPlatforms) = preSolution
		Debug|Any CPU = Debug|Any CPU
		Release|Any CPU = Release|Any CPU
	EndGlobalSection
	GlobalSection(ProjectConfigurationPlatforms) = postSolution
		{D3CC2F37-8184-492E-91F1-C4E175F22D04}.Debug|Any CPU.ActiveCfg = Debug|Any CPU
		{D3CC2F37-8184-492E-91F1-C4E175F22D04}.Debug|Any CPU.Build.0 = Debug|Any CPU
		{D3CC2F37-8184-492E-91F1-C4E175F22D04}.Release|Any CPU.ActiveCfg = Release|Any CPU
		{D3CC2F37-8184-492E-91F1-C4E175F22D04}.Release|Any CPU.Build.0 = Release|Any CPU
	EndGlobalSection
	GlobalSection(SolutionProperties) = preSolution
		HideSolutionNode = FALSE
	EndGlobalSection
	GlobalSection(ExtensibilityGlobals) = postSolution
		SolutionGuid = {D366BAF7-5F13-42BD-B2DF-AFF98E9B52C9}
	EndGlobalSection
EndGlobal
